
Microsoft Visual Studio Solution File, Format Version 12.00
# Visual Studio Version 17
VisualStudioVersion = 17.7.34202.233
MinimumVisualStudioVersion = 10.0.40219.1
Project("{FAE04EC0-301F-11D3-BF4B-00C04F79EFBC}") = "lab9", "lab9\lab9.csproj", "{E524725B-6DDE-40EC-9A1B-0E77AC858B86}"
EndProject
Global
	GlobalSection(SolutionConfigurationPlatforms) = preSolution
		Debug|Any CPU = Debug|Any CPU
		Release|Any CPU = Release|Any CPU
	EndGlobalSection
	GlobalSection(ProjectConfigurationPlatforms) = postSolution
		{E524725B-6DDE-40EC-9A1B-0E77AC858B86}.Debug|Any CPU.ActiveCfg = Debug|Any CPU
		{E524725B-6DDE-40EC-9A1B-0E77AC858B86}.Debug|Any CPU.Build.0 = Debug|Any CPU
		{E524725B-6DDE-40EC-9A1B-0E77AC858B86}.Release|Any CPU.ActiveCfg = Release|Any CPU
		{E524725B-6DDE-40EC-9A1B-0E77AC858B86}.Release|Any CPU.Build.0 = Release|Any CPU
	EndGlobalSection
	GlobalSection(SolutionProperties) = preSolution
		HideSolutionNode = FALSE
	EndGlobalSection
	GlobalSection(ExtensibilityGlobals) = postSolution
		SolutionGuid = {69FE5CA2-EF3A-4B33-885B-287E9481DB86}
	EndGlobalSection
EndGlobal
